
Microsoft Visual Studio Solution File, Format Version 12.00
# Visual Studio Version 17
VisualStudioVersion = 17.0.32112.339
MinimumVisualStudioVersion = 10.0.40219.1
Project("{FAE04EC0-301F-11D3-BF4B-00C04F79EFBC}") = "Veriables", "Veriables\Veriables.csproj", "{ED3D52B0-6C81-4FE8-B885-247DAD0F16DB}"
EndProject
Project("{FAE04EC0-301F-11D3-BF4B-00C04F79EFBC}") = "Operators", "Operators\Operators.csproj", "{61E250B8-E719-415A-8908-E0180F227DD9}"
EndProject
Project("{FAE04EC0-301F-11D3-BF4B-00C04F79EFBC}") = "TypeConversions", "TypeConversions\TypeConversions.csproj", "{D9C0A56F-76B7-4065-AE26-B0ADE5493E04}"
EndProject
Project("{FAE04EC0-301F-11D3-BF4B-00C04F79EFBC}") = "ExceptionHandling", "ExceptionHandling\ExceptionHandling.csproj", "{6366B769-1807-4FA2-8C53-63A7E5950F21}"
EndProject
Global
	GlobalSection(SolutionConfigurationPlatforms) = preSolution
		Debug|Any CPU = Debug|Any CPU
		Release|Any CPU = Release|Any CPU
	EndGlobalSection
	GlobalSection(ProjectConfigurationPlatforms) = postSolution
		{ED3D52B0-6C81-4FE8-B885-247DAD0F16DB}.Debug|Any CPU.ActiveCfg = Debug|Any CPU
		{ED3D52B0-6C81-4FE8-B885-247DAD0F16DB}.Debug|Any CPU.Build.0 = Debug|Any CPU
		{ED3D52B0-6C81-4FE8-B885-247DAD0F16DB}.Release|Any CPU.ActiveCfg = Release|Any CPU
		{ED3D52B0-6C81-4FE8-B885-247DAD0F16DB}.Release|Any CPU.Build.0 = Release|Any CPU
		{61E250B8-E719-415A-8908-E0180F227DD9}.Debug|Any CPU.ActiveCfg = Debug|Any CPU
		{61E250B8-E719-415A-8908-E0180F227DD9}.Debug|Any CPU.Build.0 = Debug|Any CPU
		{61E250B8-E719-415A-8908-E0180F227DD9}.Release|Any CPU.ActiveCfg = Release|Any CPU
		{61E250B8-E719-415A-8908-E0180F227DD9}.Release|Any CPU.Build.0 = Release|Any CPU
		{D9C0A56F-76B7-4065-AE26-B0ADE5493E04}.Debug|Any CPU.ActiveCfg = Debug|Any CPU
		{D9C0A56F-76B7-4065-AE26-B0ADE5493E04}.Debug|Any CPU.Build.0 = Debug|Any CPU
		{D9C0A56F-76B7-4065-AE26-B0ADE5493E04}.Release|Any CPU.ActiveCfg = Release|Any CPU
		{D9C0A56F-76B7-4065-AE26-B0ADE5493E04}.Release|Any CPU.Build.0 = Release|Any CPU
		{6366B769-1807-4FA2-8C53-63A7E5950F21}.Debug|Any CPU.ActiveCfg = Debug|Any CPU
		{6366B769-1807-4FA2-8C53-63A7E5950F21}.Debug|Any CPU.Build.0 = Debug|Any CPU
		{6366B769-1807-4FA2-8C53-63A7E5950F21}.Release|Any CPU.ActiveCfg = Release|Any CPU
		{6366B769-1807-4FA2-8C53-63A7E5950F21}.Release|Any CPU.Build.0 = Release|Any CPU
	EndGlobalSection
	GlobalSection(SolutionProperties) = preSolution
		HideSolutionNode = FALSE
	EndGlobalSection
	GlobalSection(ExtensibilityGlobals) = postSolution
		SolutionGuid = {97C11182-965C-4D96-896B-7C8AD43FC09F}
	EndGlobalSection
EndGlobal
